// !$*UTF8*$!
{
	archiveVersion = 1;
	classes = {
	};
	objectVersion = 60;
	objects = {

/* Begin PBXBuildFile section */
		0CF5B3272B8183AC003489DC /* AppDelegate.swift in Sources */ = {isa = PBXBuildFile; fileRef = 0CF5B3262B8183AC003489DC /* AppDelegate.swift */; };
		0CF5B3292B8183AC003489DC /* art.scnassets in Resources */ = {isa = PBXBuildFile; fileRef = 0CF5B3282B8183AC003489DC /* art.scnassets */; };
		0CF5B32B2B8183AC003489DC /* GameViewController.swift in Sources */ = {isa = PBXBuildFile; fileRef = 0CF5B32A2B8183AC003489DC /* GameViewController.swift */; };
		0CF5B32E2B8183AC003489DC /* Main.storyboard in Resources */ = {isa = PBXBuildFile; fileRef = 0CF5B32C2B8183AC003489DC /* Main.storyboard */; };
		0CF5B3302B8183AE003489DC /* Assets.xcassets in Resources */ = {isa = PBXBuildFile; fileRef = 0CF5B32F2B8183AE003489DC /* Assets.xcassets */; };
		0CF5B3332B8183AE003489DC /* LaunchScreen.storyboard in Resources */ = {isa = PBXBuildFile; fileRef = 0CF5B3312B8183AE003489DC /* LaunchScreen.storyboard */; };
		0CF5B33D2B8183AE003489DC /* Assignment_2Tests.swift in Sources */ = {isa = PBXBuildFile; fileRef = 0CF5B33C2B8183AE003489DC /* Assignment_2Tests.swift */; };
		0CF5B3472B8183AE003489DC /* Assignment_2UITests.swift in Sources */ = {isa = PBXBuildFile; fileRef = 0CF5B3462B8183AE003489DC /* Assignment_2UITests.swift */; };
		0CF5B3492B8183AE003489DC /* Assignment_2UITestsLaunchTests.swift in Sources */ = {isa = PBXBuildFile; fileRef = 0CF5B3482B8183AE003489DC /* Assignment_2UITestsLaunchTests.swift */; };
		0CF5B35A2B8183E2003489DC /* DisjointSet.cpp in Sources */ = {isa = PBXBuildFile; fileRef = 0CF5B3562B8183E2003489DC /* DisjointSet.cpp */; };
		0CF5B35B2B8183E2003489DC /* maze.cpp in Sources */ = {isa = PBXBuildFile; fileRef = 0CF5B3592B8183E2003489DC /* maze.cpp */; };
		4E224E102B8559B100D2C342 /* crate.jpg in Resources */ = {isa = PBXBuildFile; fileRef = 4E224E0F2B8559B100D2C342 /* crate.jpg */; };
		FB2E53342B88735D0082C902 /* Globals.swift in Sources */ = {isa = PBXBuildFile; fileRef = FB2E53332B88735D0082C902 /* Globals.swift */; };
		FBE721192B885B51004D0E9C /* Minimap.swift in Sources */ = {isa = PBXBuildFile; fileRef = FBE721182B885B51004D0E9C /* Minimap.swift */; };
		FBFDBE702B857EB70071A1F6 /* MazeCell.swift in Sources */ = {isa = PBXBuildFile; fileRef = FBFDBE6F2B857EB70071A1F6 /* MazeCell.swift */; };
/* End PBXBuildFile section */

/* Begin PBXContainerItemProxy section */
		0CF5B3392B8183AE003489DC /* PBXContainerItemProxy */ = {
			isa = PBXContainerItemProxy;
			containerPortal = 0CF5B31B2B8183AC003489DC /* Project object */;
			proxyType = 1;
			remoteGlobalIDString = 0CF5B3222B8183AC003489DC;
			remoteInfo = "Assignment 2";
		};
		0CF5B3432B8183AE003489DC /* PBXContainerItemProxy */ = {
			isa = PBXContainerItemProxy;
			containerPortal = 0CF5B31B2B8183AC003489DC /* Project object */;
			proxyType = 1;
			remoteGlobalIDString = 0CF5B3222B8183AC003489DC;
			remoteInfo = "Assignment 2";
		};
/* End PBXContainerItemProxy section */

/* Begin PBXFileReference section */
		0CF5B3232B8183AC003489DC /* Assignment 2.app */ = {isa = PBXFileReference; explicitFileType = wrapper.application; includeInIndex = 0; path = "Assignment 2.app"; sourceTree = BUILT_PRODUCTS_DIR; };
		0CF5B3262B8183AC003489DC /* AppDelegate.swift */ = {isa = PBXFileReference; lastKnownFileType = sourcecode.swift; path = AppDelegate.swift; sourceTree = "<group>"; };
		0CF5B3282B8183AC003489DC /* art.scnassets */ = {isa = PBXFileReference; lastKnownFileType = wrapper.scnassets; path = art.scnassets; sourceTree = "<group>"; };
		0CF5B32A2B8183AC003489DC /* GameViewController.swift */ = {isa = PBXFileReference; lastKnownFileType = sourcecode.swift; path = GameViewController.swift; sourceTree = "<group>"; };
		0CF5B32D2B8183AC003489DC /* Base */ = {isa = PBXFileReference; lastKnownFileType = file.storyboard; name = Base; path = Base.lproj/Main.storyboard; sourceTree = "<group>"; };
		0CF5B32F2B8183AE003489DC /* Assets.xcassets */ = {isa = PBXFileReference; lastKnownFileType = folder.assetcatalog; path = Assets.xcassets; sourceTree = "<group>"; };
		0CF5B3322B8183AE003489DC /* Base */ = {isa = PBXFileReference; lastKnownFileType = file.storyboard; name = Base; path = Base.lproj/LaunchScreen.storyboard; sourceTree = "<group>"; };
		0CF5B3382B8183AE003489DC /* Assignment 2Tests.xctest */ = {isa = PBXFileReference; explicitFileType = wrapper.cfbundle; includeInIndex = 0; path = "Assignment 2Tests.xctest"; sourceTree = BUILT_PRODUCTS_DIR; };
		0CF5B33C2B8183AE003489DC /* Assignment_2Tests.swift */ = {isa = PBXFileReference; lastKnownFileType = sourcecode.swift; path = Assignment_2Tests.swift; sourceTree = "<group>"; };
		0CF5B3422B8183AE003489DC /* Assignment 2UITests.xctest */ = {isa = PBXFileReference; explicitFileType = wrapper.cfbundle; includeInIndex = 0; path = "Assignment 2UITests.xctest"; sourceTree = BUILT_PRODUCTS_DIR; };
		0CF5B3462B8183AE003489DC /* Assignment_2UITests.swift */ = {isa = PBXFileReference; lastKnownFileType = sourcecode.swift; path = Assignment_2UITests.swift; sourceTree = "<group>"; };
		0CF5B3482B8183AE003489DC /* Assignment_2UITestsLaunchTests.swift */ = {isa = PBXFileReference; lastKnownFileType = sourcecode.swift; path = Assignment_2UITestsLaunchTests.swift; sourceTree = "<group>"; };
		0CF5B3552B8183E1003489DC /* Assignment 2-Bridging-Header.h */ = {isa = PBXFileReference; lastKnownFileType = sourcecode.c.h; path = "Assignment 2-Bridging-Header.h"; sourceTree = "<group>"; };
		0CF5B3562B8183E2003489DC /* DisjointSet.cpp */ = {isa = PBXFileReference; fileEncoding = 4; lastKnownFileType = sourcecode.cpp.cpp; path = DisjointSet.cpp; sourceTree = "<group>"; };
		0CF5B3572B8183E2003489DC /* maze.h */ = {isa = PBXFileReference; fileEncoding = 4; lastKnownFileType = sourcecode.c.h; path = maze.h; sourceTree = "<group>"; };
		0CF5B3582B8183E2003489DC /* DisjointSet.h */ = {isa = PBXFileReference; fileEncoding = 4; lastKnownFileType = sourcecode.c.h; path = DisjointSet.h; sourceTree = "<group>"; };
		0CF5B3592B8183E2003489DC /* maze.cpp */ = {isa = PBXFileReference; fileEncoding = 4; lastKnownFileType = sourcecode.cpp.cpp; path = maze.cpp; sourceTree = "<group>"; };
		4E224E0F2B8559B100D2C342 /* crate.jpg */ = {isa = PBXFileReference; lastKnownFileType = image.jpeg; path = crate.jpg; sourceTree = "<group>"; };
		FB2E53332B88735D0082C902 /* Globals.swift */ = {isa = PBXFileReference; lastKnownFileType = sourcecode.swift; path = Globals.swift; sourceTree = "<group>"; };
		FBE721182B885B51004D0E9C /* Minimap.swift */ = {isa = PBXFileReference; lastKnownFileType = sourcecode.swift; path = Minimap.swift; sourceTree = "<group>"; };
		FBFDBE6F2B857EB70071A1F6 /* MazeCell.swift */ = {isa = PBXFileReference; lastKnownFileType = sourcecode.swift; path = MazeCell.swift; sourceTree = "<group>"; };
/* End PBXFileReference section */

/* Begin PBXFrameworksBuildPhase section */
		0CF5B3202B8183AC003489DC /* Frameworks */ = {
			isa = PBXFrameworksBuildPhase;
			buildActionMask = 2147483647;
			files = (
			);
			runOnlyForDeploymentPostprocessing = 0;
		};
		0CF5B3352B8183AE003489DC /* Frameworks */ = {
			isa = PBXFrameworksBuildPhase;
			buildActionMask = 2147483647;
			files = (
			);
			runOnlyForDeploymentPostprocessing = 0;
		};
		0CF5B33F2B8183AE003489DC /* Frameworks */ = {
			isa = PBXFrameworksBuildPhase;
			buildActionMask = 2147483647;
			files = (
			);
			runOnlyForDeploymentPostprocessing = 0;
		};
/* End PBXFrameworksBuildPhase section */

/* Begin PBXGroup section */
		0CF5B31A2B8183AC003489DC = {
			isa = PBXGroup;
			children = (
				0CF5B3252B8183AC003489DC /* Assignment 2 */,
				0CF5B33B2B8183AE003489DC /* Assignment 2Tests */,
				0CF5B3452B8183AE003489DC /* Assignment 2UITests */,
				0CF5B3242B8183AC003489DC /* Products */,
			);
			sourceTree = "<group>";
		};
		0CF5B3242B8183AC003489DC /* Products */ = {
			isa = PBXGroup;
			children = (
				0CF5B3232B8183AC003489DC /* Assignment 2.app */,
				0CF5B3382B8183AE003489DC /* Assignment 2Tests.xctest */,
				0CF5B3422B8183AE003489DC /* Assignment 2UITests.xctest */,
			);
			name = Products;
			sourceTree = "<group>";
		};
		0CF5B3252B8183AC003489DC /* Assignment 2 */ = {
			isa = PBXGroup;
			children = (
				0CF5B3262B8183AC003489DC /* AppDelegate.swift */,
				0CF5B3282B8183AC003489DC /* art.scnassets */,
				0CF5B32A2B8183AC003489DC /* GameViewController.swift */,
				0CF5B32C2B8183AC003489DC /* Main.storyboard */,
				0CF5B32F2B8183AE003489DC /* Assets.xcassets */,
				0CF5B3312B8183AE003489DC /* LaunchScreen.storyboard */,
				0CF5B3562B8183E2003489DC /* DisjointSet.cpp */,
				0CF5B3582B8183E2003489DC /* DisjointSet.h */,
				0CF5B3592B8183E2003489DC /* maze.cpp */,
				0CF5B3572B8183E2003489DC /* maze.h */,
				0CF5B3552B8183E1003489DC /* Assignment 2-Bridging-Header.h */,
				4E224E0F2B8559B100D2C342 /* crate.jpg */,
				FBFDBE6F2B857EB70071A1F6 /* MazeCell.swift */,
				FBE721182B885B51004D0E9C /* Minimap.swift */,
				FB2E53332B88735D0082C902 /* Globals.swift */,
			);
			path = "Assignment 2";
			sourceTree = "<group>";
		};
		0CF5B33B2B8183AE003489DC /* Assignment 2Tests */ = {
			isa = PBXGroup;
			children = (
				0CF5B33C2B8183AE003489DC /* Assignment_2Tests.swift */,
			);
			path = "Assignment 2Tests";
			sourceTree = "<group>";
		};
		0CF5B3452B8183AE003489DC /* Assignment 2UITests */ = {
			isa = PBXGroup;
			children = (
				0CF5B3462B8183AE003489DC /* Assignment_2UITests.swift */,
				0CF5B3482B8183AE003489DC /* Assignment_2UITestsLaunchTests.swift */,
			);
			path = "Assignment 2UITests";
			sourceTree = "<group>";
		};
/* End PBXGroup section */

/* Begin PBXNativeTarget section */
		0CF5B3222B8183AC003489DC /* Assignment 2 */ = {
			isa = PBXNativeTarget;
			buildConfigurationList = 0CF5B34C2B8183AE003489DC /* Build configuration list for PBXNativeTarget "Assignment 2" */;
			buildPhases = (
				0CF5B31F2B8183AC003489DC /* Sources */,
				0CF5B3202B8183AC003489DC /* Frameworks */,
				0CF5B3212B8183AC003489DC /* Resources */,
			);
			buildRules = (
			);
			dependencies = (
			);
			name = "Assignment 2";
			productName = "Assignment 2";
			productReference = 0CF5B3232B8183AC003489DC /* Assignment 2.app */;
			productType = "com.apple.product-type.application";
		};
		0CF5B3372B8183AE003489DC /* Assignment 2Tests */ = {
			isa = PBXNativeTarget;
			buildConfigurationList = 0CF5B34F2B8183AE003489DC /* Build configuration list for PBXNativeTarget "Assignment 2Tests" */;
			buildPhases = (
				0CF5B3342B8183AE003489DC /* Sources */,
				0CF5B3352B8183AE003489DC /* Frameworks */,
				0CF5B3362B8183AE003489DC /* Resources */,
			);
			buildRules = (
			);
			dependencies = (
				0CF5B33A2B8183AE003489DC /* PBXTargetDependency */,
			);
			name = "Assignment 2Tests";
			productName = "Assignment 2Tests";
			productReference = 0CF5B3382B8183AE003489DC /* Assignment 2Tests.xctest */;
			productType = "com.apple.product-type.bundle.unit-test";
		};
		0CF5B3412B8183AE003489DC /* Assignment 2UITests */ = {
			isa = PBXNativeTarget;
			buildConfigurationList = 0CF5B3522B8183AE003489DC /* Build configuration list for PBXNativeTarget "Assignment 2UITests" */;
			buildPhases = (
				0CF5B33E2B8183AE003489DC /* Sources */,
				0CF5B33F2B8183AE003489DC /* Frameworks */,
				0CF5B3402B8183AE003489DC /* Resources */,
			);
			buildRules = (
			);
			dependencies = (
				0CF5B3442B8183AE003489DC /* PBXTargetDependency */,
			);
			name = "Assignment 2UITests";
			productName = "Assignment 2UITests";
			productReference = 0CF5B3422B8183AE003489DC /* Assignment 2UITests.xctest */;
			productType = "com.apple.product-type.bundle.ui-testing";
		};
/* End PBXNativeTarget section */

/* Begin PBXProject section */
		0CF5B31B2B8183AC003489DC /* Project object */ = {
			isa = PBXProject;
			attributes = {
				BuildIndependentTargetsInParallel = 1;
				LastSwiftUpdateCheck = 1520;
				LastUpgradeCheck = 1520;
				TargetAttributes = {
					0CF5B3222B8183AC003489DC = {
						CreatedOnToolsVersion = 15.2;
						LastSwiftMigration = 1520;
					};
					0CF5B3372B8183AE003489DC = {
						CreatedOnToolsVersion = 15.2;
						TestTargetID = 0CF5B3222B8183AC003489DC;
					};
					0CF5B3412B8183AE003489DC = {
						CreatedOnToolsVersion = 15.2;
						TestTargetID = 0CF5B3222B8183AC003489DC;
					};
				};
			};
			buildConfigurationList = 0CF5B31E2B8183AC003489DC /* Build configuration list for PBXProject "Assignment 2" */;
			compatibilityVersion = "Xcode 15.0";
			developmentRegion = en;
			hasScannedForEncodings = 0;
			knownRegions = (
				en,
				Base,
			);
			mainGroup = 0CF5B31A2B8183AC003489DC;
			productRefGroup = 0CF5B3242B8183AC003489DC /* Products */;
			projectDirPath = "";
			projectRoot = "";
			targets = (
				0CF5B3222B8183AC003489DC /* Assignment 2 */,
				0CF5B3372B8183AE003489DC /* Assignment 2Tests */,
				0CF5B3412B8183AE003489DC /* Assignment 2UITests */,
			);
		};
/* End PBXProject section */

/* Begin PBXResourcesBuildPhase section */
		0CF5B3212B8183AC003489DC /* Resources */ = {
			isa = PBXResourcesBuildPhase;
			buildActionMask = 2147483647;
			files = (
				0CF5B3292B8183AC003489DC /* art.scnassets in Resources */,
				0CF5B3332B8183AE003489DC /* LaunchScreen.storyboard in Resources */,
				0CF5B3302B8183AE003489DC /* Assets.xcassets in Resources */,
				4E224E102B8559B100D2C342 /* crate.jpg in Resources */,
				0CF5B32E2B8183AC003489DC /* Main.storyboard in Resources */,
			);
			runOnlyForDeploymentPostprocessing = 0;
		};
		0CF5B3362B8183AE003489DC /* Resources */ = {
			isa = PBXResourcesBuildPhase;
			buildActionMask = 2147483647;
			files = (
			);
			runOnlyForDeploymentPostprocessing = 0;
		};
		0CF5B3402B8183AE003489DC /* Resources */ = {
			isa = PBXResourcesBuildPhase;
			buildActionMask = 2147483647;
			files = (
			);
			runOnlyForDeploymentPostprocessing = 0;
		};
/* End PBXResourcesBuildPhase section */

/* Begin PBXSourcesBuildPhase section */
		0CF5B31F2B8183AC003489DC /* Sources */ = {
			isa = PBXSourcesBuildPhase;
			buildActionMask = 2147483647;
			files = (
				0CF5B35A2B8183E2003489DC /* DisjointSet.cpp in Sources */,
				0CF5B32B2B8183AC003489DC /* GameViewController.swift in Sources */,
				0CF5B35B2B8183E2003489DC /* maze.cpp in Sources */,
				0CF5B3272B8183AC003489DC /* AppDelegate.swift in Sources */,
				FBFDBE702B857EB70071A1F6 /* MazeCell.swift in Sources */,
				FB2E53342B88735D0082C902 /* Globals.swift in Sources */,
				FBE721192B885B51004D0E9C /* Minimap.swift in Sources */,
			);
			runOnlyForDeploymentPostprocessing = 0;
		};
		0CF5B3342B8183AE003489DC /* Sources */ = {
			isa = PBXSourcesBuildPhase;
			buildActionMask = 2147483647;
			files = (
				0CF5B33D2B8183AE003489DC /* Assignment_2Tests.swift in Sources */,
			);
			runOnlyForDeploymentPostprocessing = 0;
		};
		0CF5B33E2B8183AE003489DC /* Sources */ = {
			isa = PBXSourcesBuildPhase;
			buildActionMask = 2147483647;
			files = (
				0CF5B3492B8183AE003489DC /* Assignment_2UITestsLaunchTests.swift in Sources */,
				0CF5B3472B8183AE003489DC /* Assignment_2UITests.swift in Sources */,
			);
			runOnlyForDeploymentPostprocessing = 0;
		};
/* End PBXSourcesBuildPhase section */

/* Begin PBXTargetDependency section */
		0CF5B33A2B8183AE003489DC /* PBXTargetDependency */ = {
			isa = PBXTargetDependency;
			target = 0CF5B3222B8183AC003489DC /* Assignment 2 */;
			targetProxy = 0CF5B3392B8183AE003489DC /* PBXContainerItemProxy */;
		};
		0CF5B3442B8183AE003489DC /* PBXTargetDependency */ = {
			isa = PBXTargetDependency;
			target = 0CF5B3222B8183AC003489DC /* Assignment 2 */;
			targetProxy = 0CF5B3432B8183AE003489DC /* PBXContainerItemProxy */;
		};
/* End PBXTargetDependency section */

/* Begin PBXVariantGroup section */
		0CF5B32C2B8183AC003489DC /* Main.storyboard */ = {
			isa = PBXVariantGroup;
			children = (
				0CF5B32D2B8183AC003489DC /* Base */,
			);
			name = Main.storyboard;
			sourceTree = "<group>";
		};
		0CF5B3312B8183AE003489DC /* LaunchScreen.storyboard */ = {
			isa = PBXVariantGroup;
			children = (
				0CF5B3322B8183AE003489DC /* Base */,
			);
			name = LaunchScreen.storyboard;
			sourceTree = "<group>";
		};
/* End PBXVariantGroup section */

/* Begin XCBuildConfiguration section */
		0CF5B34A2B8183AE003489DC /* Debug */ = {
			isa = XCBuildConfiguration;
			buildSettings = {
				ALWAYS_SEARCH_USER_PATHS = NO;
				ASSETCATALOG_COMPILER_GENERATE_SWIFT_ASSET_SYMBOL_EXTENSIONS = YES;
				CLANG_ANALYZER_NONNULL = YES;
				CLANG_ANALYZER_NUMBER_OBJECT_CONVERSION = YES_AGGRESSIVE;
				CLANG_CXX_LANGUAGE_STANDARD = "gnu++20";
				CLANG_ENABLE_MODULES = YES;
				CLANG_ENABLE_OBJC_ARC = YES;
				CLANG_ENABLE_OBJC_WEAK = YES;
				CLANG_WARN_BLOCK_CAPTURE_AUTORELEASING = YES;
				CLANG_WARN_BOOL_CONVERSION = YES;
				CLANG_WARN_COMMA = YES;
				CLANG_WARN_CONSTANT_CONVERSION = YES;
				CLANG_WARN_DEPRECATED_OBJC_IMPLEMENTATIONS = YES;
				CLANG_WARN_DIRECT_OBJC_ISA_USAGE = YES_ERROR;
				CLANG_WARN_DOCUMENTATION_COMMENTS = YES;
				CLANG_WARN_EMPTY_BODY = YES;
				CLANG_WARN_ENUM_CONVERSION = YES;
				CLANG_WARN_INFINITE_RECURSION = YES;
				CLANG_WARN_INT_CONVERSION = YES;
				CLANG_WARN_NON_LITERAL_NULL_CONVERSION = YES;
				CLANG_WARN_OBJC_IMPLICIT_RETAIN_SELF = YES;
				CLANG_WARN_OBJC_LITERAL_CONVERSION = YES;
				CLANG_WARN_OBJC_ROOT_CLASS = YES_ERROR;
				CLANG_WARN_QUOTED_INCLUDE_IN_FRAMEWORK_HEADER = YES;
				CLANG_WARN_RANGE_LOOP_ANALYSIS = YES;
				CLANG_WARN_STRICT_PROTOTYPES = YES;
				CLANG_WARN_SUSPICIOUS_MOVE = YES;
				CLANG_WARN_UNGUARDED_AVAILABILITY = YES_AGGRESSIVE;
				CLANG_WARN_UNREACHABLE_CODE = YES;
				CLANG_WARN__DUPLICATE_METHOD_MATCH = YES;
				COPY_PHASE_STRIP = NO;
				DEBUG_INFORMATION_FORMAT = dwarf;
				ENABLE_STRICT_OBJC_MSGSEND = YES;
				ENABLE_TESTABILITY = YES;
				ENABLE_USER_SCRIPT_SANDBOXING = YES;
				GCC_C_LANGUAGE_STANDARD = gnu17;
				GCC_DYNAMIC_NO_PIC = NO;
				GCC_NO_COMMON_BLOCKS = YES;
				GCC_OPTIMIZATION_LEVEL = 0;
				GCC_PREPROCESSOR_DEFINITIONS = (
					"DEBUG=1",
					"$(inherited)",
				);
				GCC_WARN_64_TO_32_BIT_CONVERSION = YES;
				GCC_WARN_ABOUT_RETURN_TYPE = YES_ERROR;
				GCC_WARN_UNDECLARED_SELECTOR = YES;
				GCC_WARN_UNINITIALIZED_AUTOS = YES_AGGRESSIVE;
				GCC_WARN_UNUSED_FUNCTION = YES;
				GCC_WARN_UNUSED_VARIABLE = YES;
				IPHONEOS_DEPLOYMENT_TARGET = 17.2;
				LOCALIZATION_PREFERS_STRING_CATALOGS = YES;
				MTL_ENABLE_DEBUG_INFO = INCLUDE_SOURCE;
				MTL_FAST_MATH = YES;
				ONLY_ACTIVE_ARCH = YES;
				SDKROOT = iphoneos;
				SWIFT_ACTIVE_COMPILATION_CONDITIONS = "DEBUG $(inherited)";
				SWIFT_OPTIMIZATION_LEVEL = "-Onone";
			};
			name = Debug;
		};
		0CF5B34B2B8183AE003489DC /* Release */ = {
			isa = XCBuildConfiguration;
			buildSettings = {
				ALWAYS_SEARCH_USER_PATHS = NO;
				ASSETCATALOG_COMPILER_GENERATE_SWIFT_ASSET_SYMBOL_EXTENSIONS = YES;
				CLANG_ANALYZER_NONNULL = YES;
				CLANG_ANALYZER_NUMBER_OBJECT_CONVERSION = YES_AGGRESSIVE;
				CLANG_CXX_LANGUAGE_STANDARD = "gnu++20";
				CLANG_ENABLE_MODULES = YES;
				CLANG_ENABLE_OBJC_ARC = YES;
				CLANG_ENABLE_OBJC_WEAK = YES;
				CLANG_WARN_BLOCK_CAPTURE_AUTORELEASING = YES;
				CLANG_WARN_BOOL_CONVERSION = YES;
				CLANG_WARN_COMMA = YES;
				CLANG_WARN_CONSTANT_CONVERSION = YES;
				CLANG_WARN_DEPRECATED_OBJC_IMPLEMENTATIONS = YES;
				CLANG_WARN_DIRECT_OBJC_ISA_USAGE = YES_ERROR;
				CLANG_WARN_DOCUMENTATION_COMMENTS = YES;
				CLANG_WARN_EMPTY_BODY = YES;
				CLANG_WARN_ENUM_CONVERSION = YES;
				CLANG_WARN_INFINITE_RECURSION = YES;
				CLANG_WARN_INT_CONVERSION = YES;
				CLANG_WARN_NON_LITERAL_NULL_CONVERSION = YES;
				CLANG_WARN_OBJC_IMPLICIT_RETAIN_SELF = YES;
				CLANG_WARN_OBJC_LITERAL_CONVERSION = YES;
				CLANG_WARN_OBJC_ROOT_CLASS = YES_ERROR;
				CLANG_WARN_QUOTED_INCLUDE_IN_FRAMEWORK_HEADER = YES;
				CLANG_WARN_RANGE_LOOP_ANALYSIS = YES;
				CLANG_WARN_STRICT_PROTOTYPES = YES;
				CLANG_WARN_SUSPICIOUS_MOVE = YES;
				CLANG_WARN_UNGUARDED_AVAILABILITY = YES_AGGRESSIVE;
				CLANG_WARN_UNREACHABLE_CODE = YES;
				CLANG_WARN__DUPLICATE_METHOD_MATCH = YES;
				COPY_PHASE_STRIP = NO;
				DEBUG_INFORMATION_FORMAT = "dwarf-with-dsym";
				ENABLE_NS_ASSERTIONS = NO;
				ENABLE_STRICT_OBJC_MSGSEND = YES;
				ENABLE_USER_SCRIPT_SANDBOXING = YES;
				GCC_C_LANGUAGE_STANDARD = gnu17;
				GCC_NO_COMMON_BLOCKS = YES;
				GCC_WARN_64_TO_32_BIT_CONVERSION = YES;
				GCC_WARN_ABOUT_RETURN_TYPE = YES_ERROR;
				GCC_WARN_UNDECLARED_SELECTOR = YES;
				GCC_WARN_UNINITIALIZED_AUTOS = YES_AGGRESSIVE;
				GCC_WARN_UNUSED_FUNCTION = YES;
				GCC_WARN_UNUSED_VARIABLE = YES;
				IPHONEOS_DEPLOYMENT_TARGET = 17.2;
				LOCALIZATION_PREFERS_STRING_CATALOGS = YES;
				MTL_ENABLE_DEBUG_INFO = NO;
				MTL_FAST_MATH = YES;
				SDKROOT = iphoneos;
				SWIFT_COMPILATION_MODE = wholemodule;
				VALIDATE_PRODUCT = YES;
			};
			name = Release;
		};
		0CF5B34D2B8183AE003489DC /* Debug */ = {
			isa = XCBuildConfiguration;
			buildSettings = {
				ALWAYS_SEARCH_USER_PATHS = YES;
				ASSETCATALOG_COMPILER_APPICON_NAME = AppIcon;
				ASSETCATALOG_COMPILER_GLOBAL_ACCENT_COLOR_NAME = AccentColor;
				CLANG_ENABLE_MODULES = YES;
				CODE_SIGN_STYLE = Automatic;
				CURRENT_PROJECT_VERSION = 1;
				GENERATE_INFOPLIST_FILE = YES;
				INFOPLIST_KEY_UIApplicationSupportsIndirectInputEvents = YES;
				INFOPLIST_KEY_UILaunchStoryboardName = LaunchScreen;
				INFOPLIST_KEY_UIMainStoryboardFile = Main;
				INFOPLIST_KEY_UIStatusBarHidden = YES;
				INFOPLIST_KEY_UISupportedInterfaceOrientations_iPad = "UIInterfaceOrientationPortrait UIInterfaceOrientationPortraitUpsideDown UIInterfaceOrientationLandscapeLeft UIInterfaceOrientationLandscapeRight";
				INFOPLIST_KEY_UISupportedInterfaceOrientations_iPhone = "UIInterfaceOrientationPortrait UIInterfaceOrientationLandscapeLeft UIInterfaceOrientationLandscapeRight";
				LD_RUNPATH_SEARCH_PATHS = (
					"$(inherited)",
					"@executable_path/Frameworks",
				);
				MARKETING_VERSION = 1.0;
				PRODUCT_BUNDLE_IDENTIFIER = "bcit.Assignment-2";
				PRODUCT_NAME = "$(TARGET_NAME)";
				SWIFT_EMIT_LOC_STRINGS = YES;
				SWIFT_OBJC_BRIDGING_HEADER = "Assignment 2/Assignment 2-Bridging-Header.h";
				SWIFT_OBJC_INTEROP_MODE = objcxx;
				SWIFT_OPTIMIZATION_LEVEL = "-Onone";
				SWIFT_VERSION = 5.0;
				TARGETED_DEVICE_FAMILY = "1,2";
				USER_HEADER_SEARCH_PATHS = "$(PROJECT_DIR)/$(PROJECT_NAME)";
			};
			name = Debug;
		};
		0CF5B34E2B8183AE003489DC /* Release */ = {
			isa = XCBuildConfiguration;
			buildSettings = {
				ALWAYS_SEARCH_USER_PATHS = YES;
				ASSETCATALOG_COMPILER_APPICON_NAME = AppIcon;
				ASSETCATALOG_COMPILER_GLOBAL_ACCENT_COLOR_NAME = AccentColor;
				CLANG_ENABLE_MODULES = YES;
				CODE_SIGN_STYLE = Automatic;
				CURRENT_PROJECT_VERSION = 1;
				GENERATE_INFOPLIST_FILE = YES;
				INFOPLIST_KEY_UIApplicationSupportsIndirectInputEvents = YES;
				INFOPLIST_KEY_UILaunchStoryboardName = LaunchScreen;
				INFOPLIST_KEY_UIMainStoryboardFile = Main;
				INFOPLIST_KEY_UIStatusBarHidden = YES;
				INFOPLIST_KEY_UISupportedInterfaceOrientations_iPad = "UIInterfaceOrientationPortrait UIInterfaceOrientationPortraitUpsideDown UIInterfaceOrientationLandscapeLeft UIInterfaceOrientationLandscapeRight";
				INFOPLIST_KEY_UISupportedInterfaceOrientations_iPhone = "UIInterfaceOrientationPortrait UIInterfaceOrientationLandscapeLeft UIInterfaceOrientationLandscapeRight";
				LD_RUNPATH_SEARCH_PATHS = (
					"$(inherited)",
					"@executable_path/Frameworks",
				);
				MARKETING_VERSION = 1.0;
				PRODUCT_BUNDLE_IDENTIFIER = "bcit.Assignment-2";
				PRODUCT_NAME = "$(TARGET_NAME)";
				SWIFT_EMIT_LOC_STRINGS = YES;
				SWIFT_OBJC_BRIDGING_HEADER = "Assignment 2/Assignment 2-Bridging-Header.h";
				SWIFT_OBJC_INTEROP_MODE = objcxx;
				SWIFT_VERSION = 5.0;
				TARGETED_DEVICE_FAMILY = "1,2";
				USER_HEADER_SEARCH_PATHS = "$(PROJECT_DIR)/$(PROJECT_NAME)";
			};
			name = Release;
		};
		0CF5B3502B8183AE003489DC /* Debug */ = {
			isa = XCBuildConfiguration;
			buildSettings = {
				ALWAYS_EMBED_SWIFT_STANDARD_LIBRARIES = YES;
				BUNDLE_LOADER = "$(TEST_HOST)";
				CODE_SIGN_STYLE = Automatic;
				CURRENT_PROJECT_VERSION = 1;
				GENERATE_INFOPLIST_FILE = YES;
				IPHONEOS_DEPLOYMENT_TARGET = 17.2;
				MARKETING_VERSION = 1.0;
				PRODUCT_BUNDLE_IDENTIFIER = "bcit.Assignment-2Tests";
				PRODUCT_NAME = "$(TARGET_NAME)";
				SWIFT_EMIT_LOC_STRINGS = NO;
				SWIFT_VERSION = 5.0;
				TARGETED_DEVICE_FAMILY = "1,2";
				TEST_HOST = "$(BUILT_PRODUCTS_DIR)/Assignment 2.app/$(BUNDLE_EXECUTABLE_FOLDER_PATH)/Assignment 2";
			};
			name = Debug;
		};
		0CF5B3512B8183AE003489DC /* Release */ = {
			isa = XCBuildConfiguration;
			buildSettings = {
				ALWAYS_EMBED_SWIFT_STANDARD_LIBRARIES = YES;
				BUNDLE_LOADER = "$(TEST_HOST)";
				CODE_SIGN_STYLE = Automatic;
				CURRENT_PROJECT_VERSION = 1;
				GENERATE_INFOPLIST_FILE = YES;
				IPHONEOS_DEPLOYMENT_TARGET = 17.2;
				MARKETING_VERSION = 1.0;
				PRODUCT_BUNDLE_IDENTIFIER = "bcit.Assignment-2Tests";
				PRODUCT_NAME = "$(TARGET_NAME)";
				SWIFT_EMIT_LOC_STRINGS = NO;
				SWIFT_VERSION = 5.0;
				TARGETED_DEVICE_FAMILY = "1,2";
				TEST_HOST = "$(BUILT_PRODUCTS_DIR)/Assignment 2.app/$(BUNDLE_EXECUTABLE_FOLDER_PATH)/Assignment 2";
			};
			name = Release;
		};
		0CF5B3532B8183AE003489DC /* Debug */ = {
			isa = XCBuildConfiguration;
			buildSettings = {
				ALWAYS_EMBED_SWIFT_STANDARD_LIBRARIES = YES;
				CODE_SIGN_STYLE = Automatic;
				CURRENT_PROJECT_VERSION = 1;
				GENERATE_INFOPLIST_FILE = YES;
				MARKETING_VERSION = 1.0;
				PRODUCT_BUNDLE_IDENTIFIER = "bcit.Assignment-2UITests";
				PRODUCT_NAME = "$(TARGET_NAME)";
				SWIFT_EMIT_LOC_STRINGS = NO;
				SWIFT_VERSION = 5.0;
				TARGETED_DEVICE_FAMILY = "1,2";
				TEST_TARGET_NAME = "Assignment 2";
			};
			name = Debug;
		};
		0CF5B3542B8183AE003489DC /* Release */ = {
			isa = XCBuildConfiguration;
			buildSettings = {
				ALWAYS_EMBED_SWIFT_STANDARD_LIBRARIES = YES;
				CODE_SIGN_STYLE = Automatic;
				CURRENT_PROJECT_VERSION = 1;
				GENERATE_INFOPLIST_FILE = YES;
				MARKETING_VERSION = 1.0;
				PRODUCT_BUNDLE_IDENTIFIER = "bcit.Assignment-2UITests";
				PRODUCT_NAME = "$(TARGET_NAME)";
				SWIFT_EMIT_LOC_STRINGS = NO;
				SWIFT_VERSION = 5.0;
				TARGETED_DEVICE_FAMILY = "1,2";
				TEST_TARGET_NAME = "Assignment 2";
			};
			name = Release;
		};
/* End XCBuildConfiguration section */

/* Begin XCConfigurationList section */
		0CF5B31E2B8183AC003489DC /* Build configuration list for PBXProject "Assignment 2" */ = {
			isa = XCConfigurationList;
			buildConfigurations = (
				0CF5B34A2B8183AE003489DC /* Debug */,
				0CF5B34B2B8183AE003489DC /* Release */,
			);
			defaultConfigurationIsVisible = 0;
			defaultConfigurationName = Release;
		};
		0CF5B34C2B8183AE003489DC /* Build configuration list for PBXNativeTarget "Assignment 2" */ = {
			isa = XCConfigurationList;
			buildConfigurations = (
				0CF5B34D2B8183AE003489DC /* Debug */,
				0CF5B34E2B8183AE003489DC /* Release */,
			);
			defaultConfigurationIsVisible = 0;
			defaultConfigurationName = Release;
		};
		0CF5B34F2B8183AE003489DC /* Build configuration list for PBXNativeTarget "Assignment 2Tests" */ = {
			isa = XCConfigurationList;
			buildConfigurations = (
				0CF5B3502B8183AE003489DC /* Debug */,
				0CF5B3512B8183AE003489DC /* Release */,
			);
			defaultConfigurationIsVisible = 0;
			defaultConfigurationName = Release;
		};
		0CF5B3522B8183AE003489DC /* Build configuration list for PBXNativeTarget "Assignment 2UITests" */ = {
			isa = XCConfigurationList;
			buildConfigurations = (
				0CF5B3532B8183AE003489DC /* Debug */,
				0CF5B3542B8183AE003489DC /* Release */,
			);
			defaultConfigurationIsVisible = 0;
			defaultConfigurationName = Release;
		};
/* End XCConfigurationList section */
	};
	rootObject = 0CF5B31B2B8183AC003489DC /* Project object */;
}
